// !$*UTF8*$!
{
	archiveVersion = 1;
	classes = {
	};
	objectVersion = 50;
	objects = {

/* Begin PBXBuildFile section */
		04F9062324C6833700C27727 /* AppDelegate.swift in Sources */ = {isa = PBXBuildFile; fileRef = 04F9062224C6833700C27727 /* AppDelegate.swift */; };
		04F9062524C6833700C27727 /* SceneDelegate.swift in Sources */ = {isa = PBXBuildFile; fileRef = 04F9062424C6833700C27727 /* SceneDelegate.swift */; };
		04F9062724C6833700C27727 /* ViewController.swift in Sources */ = {isa = PBXBuildFile; fileRef = 04F9062624C6833700C27727 /* ViewController.swift */; };
		04F9062A24C6833700C27727 /* Main.storyboard in Resources */ = {isa = PBXBuildFile; fileRef = 04F9062824C6833700C27727 /* Main.storyboard */; };
		04F9062C24C6833B00C27727 /* Assets.xcassets in Resources */ = {isa = PBXBuildFile; fileRef = 04F9062B24C6833B00C27727 /* Assets.xcassets */; };
		04F9062F24C6833B00C27727 /* LaunchScreen.storyboard in Resources */ = {isa = PBXBuildFile; fileRef = 04F9062D24C6833B00C27727 /* LaunchScreen.storyboard */; };
		04F9063724C6844000C27727 /* Cryptographer.swift in Sources */ = {isa = PBXBuildFile; fileRef = 04F9063624C6844000C27727 /* Cryptographer.swift */; };
		04F9065B24C8C73D00C27727 /* WrappedWithin.framework in Frameworks */ = {isa = PBXBuildFile; fileRef = 04F9065A24C8C73000C27727 /* WrappedWithin.framework */; };
		04F9065C24C8C73D00C27727 /* WrappedWithin.framework in Embed Frameworks */ = {isa = PBXBuildFile; fileRef = 04F9065A24C8C73000C27727 /* WrappedWithin.framework */; settings = {ATTRIBUTES = (CodeSignOnCopy, RemoveHeadersOnCopy, ); }; };
		04F906AA24D128D400C27727 /* Int+WrappedWithin.swift in Sources */ = {isa = PBXBuildFile; fileRef = 04F9065224C8C73000C27727 /* Int+WrappedWithin.swift */; };
		04F906AC24D39DCD00C27727 /* CryptoView.swift in Sources */ = {isa = PBXBuildFile; fileRef = 04F906AB24D39DCD00C27727 /* CryptoView.swift */; };
/* End PBXBuildFile section */

/* Begin PBXContainerItemProxy section */
		04F9065924C8C73000C27727 /* PBXContainerItemProxy */ = {
			isa = PBXContainerItemProxy;
			containerPortal = 04F9065524C8C73000C27727 /* WrappedWithin.xcodeproj */;
			proxyType = 2;
			remoteGlobalIDString = 04F9064224C8C6AD00C27727;
			remoteInfo = WrappedWithin;
		};
/* End PBXContainerItemProxy section */

/* Begin PBXCopyFilesBuildPhase section */
		04F9065D24C8C73D00C27727 /* Embed Frameworks */ = {
			isa = PBXCopyFilesBuildPhase;
			buildActionMask = 2147483647;
			dstPath = "";
			dstSubfolderSpec = 10;
			files = (
				04F9065C24C8C73D00C27727 /* WrappedWithin.framework in Embed Frameworks */,
			);
			name = "Embed Frameworks";
			runOnlyForDeploymentPostprocessing = 0;
		};
/* End PBXCopyFilesBuildPhase section */

/* Begin PBXFileReference section */
		04F9061F24C6833700C27727 /* AccessControl.app */ = {isa = PBXFileReference; explicitFileType = wrapper.application; includeInIndex = 0; path = AccessControl.app; sourceTree = BUILT_PRODUCTS_DIR; };
		04F9062224C6833700C27727 /* AppDelegate.swift */ = {isa = PBXFileReference; lastKnownFileType = sourcecode.swift; path = AppDelegate.swift; sourceTree = "<group>"; };
		04F9062424C6833700C27727 /* SceneDelegate.swift */ = {isa = PBXFileReference; lastKnownFileType = sourcecode.swift; path = SceneDelegate.swift; sourceTree = "<group>"; };
		04F9062624C6833700C27727 /* ViewController.swift */ = {isa = PBXFileReference; lastKnownFileType = sourcecode.swift; path = ViewController.swift; sourceTree = "<group>"; };
		04F9062924C6833700C27727 /* Base */ = {isa = PBXFileReference; lastKnownFileType = file.storyboard; name = Base; path = Base.lproj/Main.storyboard; sourceTree = "<group>"; };
		04F9062B24C6833B00C27727 /* Assets.xcassets */ = {isa = PBXFileReference; lastKnownFileType = folder.assetcatalog; path = Assets.xcassets; sourceTree = "<group>"; };
		04F9062E24C6833B00C27727 /* Base */ = {isa = PBXFileReference; lastKnownFileType = file.storyboard; name = Base; path = Base.lproj/LaunchScreen.storyboard; sourceTree = "<group>"; };
		04F9063024C6833B00C27727 /* Info.plist */ = {isa = PBXFileReference; lastKnownFileType = text.plist.xml; path = Info.plist; sourceTree = "<group>"; };
		04F9063624C6844000C27727 /* Cryptographer.swift */ = {isa = PBXFileReference; lastKnownFileType = sourcecode.swift; path = Cryptographer.swift; sourceTree = "<group>"; };
		04F9065224C8C73000C27727 /* Int+WrappedWithin.swift */ = {isa = PBXFileReference; lastKnownFileType = sourcecode.swift; path = "Int+WrappedWithin.swift"; sourceTree = "<group>"; };
		04F9065324C8C73000C27727 /* WrappedWithin.h */ = {isa = PBXFileReference; lastKnownFileType = sourcecode.c.h; path = WrappedWithin.h; sourceTree = "<group>"; };
		04F9065424C8C73000C27727 /* Info.plist */ = {isa = PBXFileReference; lastKnownFileType = text.plist.xml; path = Info.plist; sourceTree = "<group>"; };
		04F9065524C8C73000C27727 /* WrappedWithin.xcodeproj */ = {isa = PBXFileReference; lastKnownFileType = "wrapper.pb-project"; path = WrappedWithin.xcodeproj; sourceTree = "<group>"; };
		04F906AB24D39DCD00C27727 /* CryptoView.swift */ = {isa = PBXFileReference; lastKnownFileType = sourcecode.swift; path = CryptoView.swift; sourceTree = "<group>"; };
/* End PBXFileReference section */

/* Begin PBXFrameworksBuildPhase section */
		04F9061C24C6833700C27727 /* Frameworks */ = {
			isa = PBXFrameworksBuildPhase;
			buildActionMask = 2147483647;
			files = (
				04F9065B24C8C73D00C27727 /* WrappedWithin.framework in Frameworks */,
			);
			runOnlyForDeploymentPostprocessing = 0;
		};
/* End PBXFrameworksBuildPhase section */

/* Begin PBXGroup section */
		04F9061624C6833700C27727 = {
			isa = PBXGroup;
			children = (
				04F9062124C6833700C27727 /* AccessControl */,
				04F9062024C6833700C27727 /* Products */,
				04F9064F24C8C73000C27727 /* Frameworks */,
			);
			sourceTree = "<group>";
		};
		04F9062024C6833700C27727 /* Products */ = {
			isa = PBXGroup;
			children = (
				04F9061F24C6833700C27727 /* AccessControl.app */,
			);
			name = Products;
			sourceTree = "<group>";
		};
		04F9062124C6833700C27727 /* AccessControl */ = {
			isa = PBXGroup;
			children = (
				04F9062224C6833700C27727 /* AppDelegate.swift */,
				04F9062424C6833700C27727 /* SceneDelegate.swift */,
				04F9062624C6833700C27727 /* ViewController.swift */,
				04F9063624C6844000C27727 /* Cryptographer.swift */,
				04F906AB24D39DCD00C27727 /* CryptoView.swift */,
				04F9062824C6833700C27727 /* Main.storyboard */,
				04F9062B24C6833B00C27727 /* Assets.xcassets */,
				04F9062D24C6833B00C27727 /* LaunchScreen.storyboard */,
				04F9063024C6833B00C27727 /* Info.plist */,
			);
			path = AccessControl;
			sourceTree = "<group>";
		};
		04F9064F24C8C73000C27727 /* Frameworks */ = {
			isa = PBXGroup;
			children = (
				04F9065024C8C73000C27727 /* WrappedWithin */,
			);
			name = Frameworks;
			sourceTree = "<group>";
		};
		04F9065024C8C73000C27727 /* WrappedWithin */ = {
			isa = PBXGroup;
			children = (
				04F9065124C8C73000C27727 /* WrappedWithin */,
				04F9065524C8C73000C27727 /* WrappedWithin.xcodeproj */,
			);
			path = WrappedWithin;
			sourceTree = "<group>";
		};
		04F9065124C8C73000C27727 /* WrappedWithin */ = {
			isa = PBXGroup;
			children = (
				04F9065224C8C73000C27727 /* Int+WrappedWithin.swift */,
				04F9065324C8C73000C27727 /* WrappedWithin.h */,
				04F9065424C8C73000C27727 /* Info.plist */,
			);
			path = WrappedWithin;
			sourceTree = "<group>";
		};
		04F9065624C8C73000C27727 /* Products */ = {
			isa = PBXGroup;
			children = (
				04F9065A24C8C73000C27727 /* WrappedWithin.framework */,
			);
			name = Products;
			sourceTree = "<group>";
		};
/* End PBXGroup section */

/* Begin PBXNativeTarget section */
		04F9061E24C6833700C27727 /* AccessControl */ = {
			isa = PBXNativeTarget;
			buildConfigurationList = 04F9063324C6833B00C27727 /* Build configuration list for PBXNativeTarget "AccessControl" */;
			buildPhases = (
				04F9061B24C6833700C27727 /* Sources */,
				04F9061C24C6833700C27727 /* Frameworks */,
				04F9061D24C6833700C27727 /* Resources */,
				04F9065D24C8C73D00C27727 /* Embed Frameworks */,
			);
			buildRules = (
			);
			dependencies = (
			);
			name = AccessControl;
			productName = AccessControl;
			productReference = 04F9061F24C6833700C27727 /* AccessControl.app */;
			productType = "com.apple.product-type.application";
		};
/* End PBXNativeTarget section */

/* Begin PBXProject section */
		04F9061724C6833700C27727 /* Project object */ = {
			isa = PBXProject;
			attributes = {
				LastSwiftUpdateCheck = 1140;
				LastUpgradeCheck = 1140;
				ORGANIZATIONNAME = "Swift Student";
				TargetAttributes = {
					04F9061E24C6833700C27727 = {
						CreatedOnToolsVersion = 11.4.1;
					};
				};
			};
			buildConfigurationList = 04F9061A24C6833700C27727 /* Build configuration list for PBXProject "AccessControl" */;
			compatibilityVersion = "Xcode 9.3";
			developmentRegion = en;
			hasScannedForEncodings = 0;
			knownRegions = (
				en,
				Base,
			);
			mainGroup = 04F9061624C6833700C27727;
			productRefGroup = 04F9062024C6833700C27727 /* Products */;
			projectDirPath = "";
			projectReferences = (
				{
					ProductGroup = 04F9065624C8C73000C27727 /* Products */;
					ProjectRef = 04F9065524C8C73000C27727 /* WrappedWithin.xcodeproj */;
				},
			);
			projectRoot = "";
			targets = (
				04F9061E24C6833700C27727 /* AccessControl */,
			);
		};
/* End PBXProject section */

/* Begin PBXReferenceProxy section */
		04F9065A24C8C73000C27727 /* WrappedWithin.framework */ = {
			isa = PBXReferenceProxy;
			fileType = wrapper.framework;
			path = WrappedWithin.framework;
			remoteRef = 04F9065924C8C73000C27727 /* PBXContainerItemProxy */;
			sourceTree = BUILT_PRODUCTS_DIR;
		};
/* End PBXReferenceProxy section */

/* Begin PBXResourcesBuildPhase section */
		04F9061D24C6833700C27727 /* Resources */ = {
			isa = PBXResourcesBuildPhase;
			buildActionMask = 2147483647;
			files = (
				04F9062F24C6833B00C27727 /* LaunchScreen.storyboard in Resources */,
				04F9062C24C6833B00C27727 /* Assets.xcassets in Resources */,
				04F9062A24C6833700C27727 /* Main.storyboard in Resources */,
			);
			runOnlyForDeploymentPostprocessing = 0;
		};
/* End PBXResourcesBuildPhase section */

/* Begin PBXSourcesBuildPhase section */
		04F9061B24C6833700C27727 /* Sources */ = {
			isa = PBXSourcesBuildPhase;
			buildActionMask = 2147483647;
			files = (
				04F9062724C6833700C27727 /* ViewController.swift in Sources */,
				04F9062324C6833700C27727 /* AppDelegate.swift in Sources */,
				04F9063724C6844000C27727 /* Cryptographer.swift in Sources */,
				04F906AA24D128D400C27727 /* Int+WrappedWithin.swift in Sources */,
				04F9062524C6833700C27727 /* SceneDelegate.swift in Sources */,
				04F906AC24D39DCD00C27727 /* CryptoView.swift in Sources */,
			);
			runOnlyForDeploymentPostprocessing = 0;
		};
/* End PBXSourcesBuildPhase section */

/* Begin PBXVariantGroup section */
		04F9062824C6833700C27727 /* Main.storyboard */ = {
			isa = PBXVariantGroup;
			children = (
				04F9062924C6833700C27727 /* Base */,
			);
			name = Main.storyboard;
			sourceTree = "<group>";
		};
		04F9062D24C6833B00C27727 /* LaunchScreen.storyboard */ = {
			isa = PBXVariantGroup;
			children = (
				04F9062E24C6833B00C27727 /* Base */,
			);
			name = LaunchScreen.storyboard;
			sourceTree = "<group>";
		};
/* End PBXVariantGroup section */

/* Begin XCBuildConfiguration section */
		04F9063124C6833B00C27727 /* Debug */ = {
			isa = XCBuildConfiguration;
			buildSettings = {
				ALWAYS_SEARCH_USER_PATHS = NO;
				CLANG_ANALYZER_NONNULL = YES;
				CLANG_ANALYZER_NUMBER_OBJECT_CONVERSION = YES_AGGRESSIVE;
				CLANG_CXX_LANGUAGE_STANDARD = "gnu++14";
				CLANG_CXX_LIBRARY = "libc++";
				CLANG_ENABLE_MODULES = YES;
				CLANG_ENABLE_OBJC_ARC = YES;
				CLANG_ENABLE_OBJC_WEAK = YES;
				CLANG_WARN_BLOCK_CAPTURE_AUTORELEASING = YES;
				CLANG_WARN_BOOL_CONVERSION = YES;
				CLANG_WARN_COMMA = YES;
				CLANG_WARN_CONSTANT_CONVERSION = YES;
				CLANG_WARN_DEPRECATED_OBJC_IMPLEMENTATIONS = YES;
				CLANG_WARN_DIRECT_OBJC_ISA_USAGE = YES_ERROR;
				CLANG_WARN_DOCUMENTATION_COMMENTS = YES;
				CLANG_WARN_EMPTY_BODY = YES;
				CLANG_WARN_ENUM_CONVERSION = YES;
				CLANG_WARN_INFINITE_RECURSION = YES;
				CLANG_WARN_INT_CONVERSION = YES;
				CLANG_WARN_NON_LITERAL_NULL_CONVERSION = YES;
				CLANG_WARN_OBJC_IMPLICIT_RETAIN_SELF = YES;
				CLANG_WARN_OBJC_LITERAL_CONVERSION = YES;
				CLANG_WARN_OBJC_ROOT_CLASS = YES_ERROR;
				CLANG_WARN_RANGE_LOOP_ANALYSIS = YES;
				CLANG_WARN_STRICT_PROTOTYPES = YES;
				CLANG_WARN_SUSPICIOUS_MOVE = YES;
				CLANG_WARN_UNGUARDED_AVAILABILITY = YES_AGGRESSIVE;
				CLANG_WARN_UNREACHABLE_CODE = YES;
				CLANG_WARN__DUPLICATE_METHOD_MATCH = YES;
				COPY_PHASE_STRIP = NO;
				DEBUG_INFORMATION_FORMAT = dwarf;
				ENABLE_STRICT_OBJC_MSGSEND = YES;
				ENABLE_TESTABILITY = YES;
				GCC_C_LANGUAGE_STANDARD = gnu11;
				GCC_DYNAMIC_NO_PIC = NO;
				GCC_NO_COMMON_BLOCKS = YES;
				GCC_OPTIMIZATION_LEVEL = 0;
				GCC_PREPROCESSOR_DEFINITIONS = (
					"DEBUG=1",
					"$(inherited)",
				);
				GCC_WARN_64_TO_32_BIT_CONVERSION = YES;
				GCC_WARN_ABOUT_RETURN_TYPE = YES_ERROR;
				GCC_WARN_UNDECLARED_SELECTOR = YES;
				GCC_WARN_UNINITIALIZED_AUTOS = YES_AGGRESSIVE;
				GCC_WARN_UNUSED_FUNCTION = YES;
				GCC_WARN_UNUSED_VARIABLE = YES;
				IPHONEOS_DEPLOYMENT_TARGET = 13.4;
				MTL_ENABLE_DEBUG_INFO = INCLUDE_SOURCE;
				MTL_FAST_MATH = YES;
				ONLY_ACTIVE_ARCH = YES;
				SDKROOT = iphoneos;
				SWIFT_ACTIVE_COMPILATION_CONDITIONS = DEBUG;
				SWIFT_OPTIMIZATION_LEVEL = "-Onone";
			};
			name = Debug;
		};
		04F9063224C6833B00C27727 /* Release */ = {
			isa = XCBuildConfiguration;
			buildSettings = {
				ALWAYS_SEARCH_USER_PATHS = NO;
				CLANG_ANALYZER_NONNULL = YES;
				CLANG_ANALYZER_NUMBER_OBJECT_CONVERSION = YES_AGGRESSIVE;
				CLANG_CXX_LANGUAGE_STANDARD = "gnu++14";
				CLANG_CXX_LIBRARY = "libc++";
				CLANG_ENABLE_MODULES = YES;
				CLANG_ENABLE_OBJC_ARC = YES;
				CLANG_ENABLE_OBJC_WEAK = YES;
				CLANG_WARN_BLOCK_CAPTURE_AUTORELEASING = YES;
				CLANG_WARN_BOOL_CONVERSION = YES;
				CLANG_WARN_COMMA = YES;
				CLANG_WARN_CONSTANT_CONVERSION = YES;
				CLANG_WARN_DEPRECATED_OBJC_IMPLEMENTATIONS = YES;
				CLANG_WARN_DIRECT_OBJC_ISA_USAGE = YES_ERROR;
				CLANG_WARN_DOCUMENTATION_COMMENTS = YES;
				CLANG_WARN_EMPTY_BODY = YES;
				CLANG_WARN_ENUM_CONVERSION = YES;
				CLANG_WARN_INFINITE_RECURSION = YES;
				CLANG_WARN_INT_CONVERSION = YES;
				CLANG_WARN_NON_LITERAL_NULL_CONVERSION = YES;
				CLANG_WARN_OBJC_IMPLICIT_RETAIN_SELF = YES;
				CLANG_WARN_OBJC_LITERAL_CONVERSION = YES;
				CLANG_WARN_OBJC_ROOT_CLASS = YES_ERROR;
				CLANG_WARN_RANGE_LOOP_ANALYSIS = YES;
				CLANG_WARN_STRICT_PROTOTYPES = YES;
				CLANG_WARN_SUSPICIOUS_MOVE = YES;
				CLANG_WARN_UNGUARDED_AVAILABILITY = YES_AGGRESSIVE;
				CLANG_WARN_UNREACHABLE_CODE = YES;
				CLANG_WARN__DUPLICATE_METHOD_MATCH = YES;
				COPY_PHASE_STRIP = NO;
				DEBUG_INFORMATION_FORMAT = "dwarf-with-dsym";
				ENABLE_NS_ASSERTIONS = NO;
				ENABLE_STRICT_OBJC_MSGSEND = YES;
				GCC_C_LANGUAGE_STANDARD = gnu11;
				GCC_NO_COMMON_BLOCKS = YES;
				GCC_WARN_64_TO_32_BIT_CONVERSION = YES;
				GCC_WARN_ABOUT_RETURN_TYPE = YES_ERROR;
				GCC_WARN_UNDECLARED_SELECTOR = YES;
				GCC_WARN_UNINITIALIZED_AUTOS = YES_AGGRESSIVE;
				GCC_WARN_UNUSED_FUNCTION = YES;
				GCC_WARN_UNUSED_VARIABLE = YES;
				IPHONEOS_DEPLOYMENT_TARGET = 13.4;
				MTL_ENABLE_DEBUG_INFO = NO;
				MTL_FAST_MATH = YES;
				SDKROOT = iphoneos;
				SWIFT_COMPILATION_MODE = wholemodule;
				SWIFT_OPTIMIZATION_LEVEL = "-O";
				VALIDATE_PRODUCT = YES;
			};
			name = Release;
		};
		04F9063424C6833B00C27727 /* Debug */ = {
			isa = XCBuildConfiguration;
			buildSettings = {
				ASSETCATALOG_COMPILER_APPICON_NAME = AppIcon;
				CODE_SIGN_STYLE = Automatic;
				DEVELOPMENT_TEAM = 94ZMA2MYR4;
				INFOPLIST_FILE = AccessControl/Info.plist;
				IPHONEOS_DEPLOYMENT_TARGET = 13.4;
				LD_RUNPATH_SEARCH_PATHS = (
					"$(inherited)",
					"@executable_path/Frameworks",
				);
				PRODUCT_BUNDLE_IDENTIFIER = com.swiftstudent.AccessControl;
				PRODUCT_NAME = "$(TARGET_NAME)";
				SWIFT_VERSION = 5.0;
				TARGETED_DEVICE_FAMILY = "1,2";
			};
			name = Debug;
		};
		04F9063524C6833B00C27727 /* Release */ = {
			isa = XCBuildConfiguration;
			buildSettings = {
				ASSETCATALOG_COMPILER_APPICON_NAME = AppIcon;
				CODE_SIGN_STYLE = Automatic;
				DEVELOPMENT_TEAM = 94ZMA2MYR4;
				INFOPLIST_FILE = AccessControl/Info.plist;
				IPHONEOS_DEPLOYMENT_TARGET = 13.4;
				LD_RUNPATH_SEARCH_PATHS = (
					"$(inherited)",
					"@executable_path/Frameworks",
				);
				PRODUCT_BUNDLE_IDENTIFIER = com.swiftstudent.AccessControl;
				PRODUCT_NAME = "$(TARGET_NAME)";
				SWIFT_VERSION = 5.0;
				TARGETED_DEVICE_FAMILY = "1,2";
			};
			name = Release;
		};
/* End XCBuildConfiguration section */

/* Begin XCConfigurationList section */
		04F9061A24C6833700C27727 /* Build configuration list for PBXProject "AccessControl" */ = {
			isa = XCConfigurationList;
			buildConfigurations = (
				04F9063124C6833B00C27727 /* Debug */,
				04F9063224C6833B00C27727 /* Release */,
			);
			defaultConfigurationIsVisible = 0;
			defaultConfigurationName = Release;
		};
		04F9063324C6833B00C27727 /* Build configuration list for PBXNativeTarget "AccessControl" */ = {
			isa = XCConfigurationList;
			buildConfigurations = (
				04F9063424C6833B00C27727 /* Debug */,
				04F9063524C6833B00C27727 /* Release */,
			);
			defaultConfigurationIsVisible = 0;
			defaultConfigurationName = Release;
		};
/* End XCConfigurationList section */
	};
	rootObject = 04F9061724C6833700C27727 /* Project object */;
}
